PODS:
  - Flutter (1.0.0)
  - flutter_udid (0.0.1):
    - Flutter
    - SAMKeychain
  - fluttertoast (0.0.2):
    - Flutter
    - Toast
  - image_gallery_saver (2.0.2):
    - Flutter
  - path_provider_foundation (0.0.1):
    - Flutter
    - FlutterMacOS
  - permission_handler_apple (9.3.0):
    - Flutter
  - SAMKeychain (1.5.3)
  - saver_gallery (0.0.1):
    - Flutter
  - share_plus (0.0.1):
    - Flutter
  - Toast (4.1.1)

DEPENDENCIES:
  - Flutter (from `Flutter`)
  - flutter_udid (from `.symlinks/plugins/flutter_udid/ios`)
  - fluttertoast (from `.symlinks/plugins/fluttertoast/ios`)
  - image_gallery_saver (from `.symlinks/plugins/image_gallery_saver/ios`)
  - path_provider_foundation (from `.symlinks/plugins/path_provider_foundation/darwin`)
  - permission_handler_apple (from `.symlinks/plugins/permission_handler_apple/ios`)
  - saver_gallery (from `.symlinks/plugins/saver_gallery/ios`)
  - share_plus (from `.symlinks/plugins/share_plus/ios`)

SPEC REPOS:
  trunk:
    - SAMKeychain
    - Toast

EXTERNAL SOURCES:
  Flutter:
    :path: Flutter
  flutter_udid:
    :path: ".symlinks/plugins/flutter_udid/ios"
  fluttertoast:
    :path: ".symlinks/plugins/fluttertoast/ios"
  image_gallery_saver:
    :path: ".symlinks/plugins/image_gallery_saver/ios"
  path_provider_foundation:
    :path: ".symlinks/plugins/path_provider_foundation/darwin"
  permission_handler_apple:
    :path: ".symlinks/plugins/permission_handler_apple/ios"
  saver_gallery:
    :path: ".symlinks/plugins/saver_gallery/ios"
  share_plus:
    :path: ".symlinks/plugins/share_plus/ios"

SPEC CHECKSUMS:
  Flutter: e0871f40cf51350855a761d2e70bf5af5b9b5de7
  flutter_udid: a2482c67a61b9c806ef59dd82ed8d007f1b7ac04
  fluttertoast: e9a18c7be5413da53898f660530c56f35edfba9c
  image_gallery_saver: cb43cc43141711190510e92c460eb1655cd343cb
  path_provider_foundation: 2b6b4c569c0fb62ec74538f866245ac84301af46
  permission_handler_apple: 9878588469a2b0d0fc1e048d9f43605f92e6cec2
  SAMKeychain: 483e1c9f32984d50ca961e26818a534283b4cd5c
  saver_gallery: 76172dc4bf6b40e66d694948ada9ff402304dd87
  share_plus: 8875f4f2500512ea181eef553c3e27dba5135aad
  Toast: 1f5ea13423a1e6674c4abdac5be53587ae481c4e

PODFILE CHECKSUM: 819463e6a0290f5a72f145ba7cde16e8b6ef0796

COCOAPODS: 1.15.2
